
Microsoft Visual Studio Solution File, Format Version 12.00
# Visual Studio Version 17
VisualStudioVersion = 17.4.33205.214
MinimumVisualStudioVersion = 10.0.40219.1
Project("{FAE04EC0-301F-11D3-BF4B-00C04F79EFBC}") = "mahiro_patter", "mahiro_patter\mahiro_patter.csproj", "{AED53488-1B17-4720-A0C7-71672FA54435}"
EndProject
Global
	GlobalSection(SolutionConfigurationPlatforms) = preSolution
		Debug|Any CPU = Debug|Any CPU
		Release|Any CPU = Release|Any CPU
	EndGlobalSection
	GlobalSection(ProjectConfigurationPlatforms) = postSolution
		{AED53488-1B17-4720-A0C7-71672FA54435}.Debug|Any CPU.ActiveCfg = Debug|Any CPU
		{AED53488-1B17-4720-A0C7-71672FA54435}.Debug|Any CPU.Build.0 = Debug|Any CPU
		{AED53488-1B17-4720-A0C7-71672FA54435}.Release|Any CPU.ActiveCfg = Release|Any CPU
		{AED53488-1B17-4720-A0C7-71672FA54435}.Release|Any CPU.Build.0 = Release|Any CPU
	EndGlobalSection
	GlobalSection(SolutionProperties) = preSolution
		HideSolutionNode = FALSE
	EndGlobalSection
	GlobalSection(ExtensibilityGlobals) = postSolution
		SolutionGuid = {9E21C286-711E-4F54-AAEF-FFE68C348B33}
	EndGlobalSection
EndGlobal
